
Microsoft Visual Studio Solution File, Format Version 12.00
# Visual Studio Version 17
VisualStudioVersion = 17.8.34309.116
MinimumVisualStudioVersion = 10.0.40219.1
Project("{FAE04EC0-301F-11D3-BF4B-00C04F79EFBC}") = "recurso", "recurso\recurso.csproj", "{2CE8C416-AE92-420C-92DB-6B4DE5EB3E3E}"
EndProject
Global
	GlobalSection(SolutionConfigurationPlatforms) = preSolution
		Debug|Any CPU = Debug|Any CPU
		Release|Any CPU = Release|Any CPU
	EndGlobalSection
	GlobalSection(ProjectConfigurationPlatforms) = postSolution
		{2CE8C416-AE92-420C-92DB-6B4DE5EB3E3E}.Debug|Any CPU.ActiveCfg = Debug|Any CPU
		{2CE8C416-AE92-420C-92DB-6B4DE5EB3E3E}.Debug|Any CPU.Build.0 = Debug|Any CPU
		{2CE8C416-AE92-420C-92DB-6B4DE5EB3E3E}.Release|Any CPU.ActiveCfg = Release|Any CPU
		{2CE8C416-AE92-420C-92DB-6B4DE5EB3E3E}.Release|Any CPU.Build.0 = Release|Any CPU
	EndGlobalSection
	GlobalSection(SolutionProperties) = preSolution
		HideSolutionNode = FALSE
	EndGlobalSection
	GlobalSection(ExtensibilityGlobals) = postSolution
		SolutionGuid = {9E6E3A33-25D1-45A5-94BD-C68DB896DC50}
	EndGlobalSection
EndGlobal
